// !$*UTF8*$!
{
	archiveVersion = 1;
	classes = {
	};
	objectVersion = 46;
	objects = {

/* Begin PBXBuildFile section */
		2A9449341BE9A63800815140 /* RCTSRDzhChannel.m in Sources */ = {isa = PBXBuildFile; fileRef = 2A94492F1BE9A63800815140 /* RCTSRDzhChannel.m */; };
		2A9449351BE9A63800815140 /* RCTDzhChannelExecutor.m in Sources */ = {isa = PBXBuildFile; fileRef = 2A9449311BE9A63800815140 /* RCTDzhChannelExecutor.m */; };
		2A9449361BE9A63800815140 /* RCTDzhChannelModule.m in Sources */ = {isa = PBXBuildFile; fileRef = 2A9449331BE9A63800815140 /* RCTDzhChannelModule.m */; };
		2A9449931BE9ACA900815140 /* AutoMsg.m in Sources */ = {isa = PBXBuildFile; fileRef = 2A9449381BE9ACA800815140 /* AutoMsg.m */; settings = {COMPILER_FLAGS = "-fno-objc-arc"; }; };
		2A9449941BE9ACA900815140 /* CldBanKuaiShuJu.m in Sources */ = {isa = PBXBuildFile; fileRef = 2A94493A1BE9ACA800815140 /* CldBanKuaiShuJu.m */; settings = {COMPILER_FLAGS = "-fno-objc-arc"; }; };
		2A9449951BE9ACA900815140 /* CldCaiWuShuJu.m in Sources */ = {isa = PBXBuildFile; fileRef = 2A94493C1BE9ACA800815140 /* CldCaiWuShuJu.m */; settings = {COMPILER_FLAGS = "-fno-objc-arc"; }; };
		2A9449961BE9ACA900815140 /* CldDanShangPinShuXing.m in Sources */ = {isa = PBXBuildFile; fileRef = 2A94493E1BE9ACA800815140 /* CldDanShangPinShuXing.m */; settings = {COMPILER_FLAGS = "-fno-objc-arc"; }; };
		2A9449971BE9ACA900815140 /* CldF10ShuJu.m in Sources */ = {isa = PBXBuildFile; fileRef = 2A9449401BE9ACA800815140 /* CldF10ShuJu.m */; settings = {COMPILER_FLAGS = "-fno-objc-arc"; }; };
		2A9449981BE9ACA900815140 /* CldForecastsShuJu.m in Sources */ = {isa = PBXBuildFile; fileRef = 2A9449421BE9ACA800815140 /* CldForecastsShuJu.m */; settings = {COMPILER_FLAGS = "-fno-objc-arc"; }; };
		2A9449991BE9ACA900815140 /* CldNewsShuJu.m in Sources */ = {isa = PBXBuildFile; fileRef = 2A9449441BE9ACA800815140 /* CldNewsShuJu.m */; settings = {COMPILER_FLAGS = "-fno-objc-arc"; }; };
		2A94499A1BE9ACA900815140 /* CldTopicInvestData.m in Sources */ = {isa = PBXBuildFile; fileRef = 2A9449461BE9ACA800815140 /* CldTopicInvestData.m */; settings = {COMPILER_FLAGS = "-fno-objc-arc"; }; };
		2A94499B1BE9ACA900815140 /* Dzhapp.m in Sources */ = {isa = PBXBuildFile; fileRef = 2A9449481BE9ACA800815140 /* Dzhapp.m */; settings = {COMPILER_FLAGS = "-fno-objc-arc"; }; };
		2A94499C1BE9ACA900815140 /* DzhBlock.m in Sources */ = {isa = PBXBuildFile; fileRef = 2A94494A1BE9ACA800815140 /* DzhBlock.m */; settings = {COMPILER_FLAGS = "-fno-objc-arc"; }; };
		2A94499D1BE9ACA900815140 /* Dzhbus.m in Sources */ = {isa = PBXBuildFile; fileRef = 2A94494C1BE9ACA800815140 /* Dzhbus.m */; settings = {COMPILER_FLAGS = "-fno-objc-arc"; }; };
		2A94499E1BE9ACA900815140 /* Dzhcm.m in Sources */ = {isa = PBXBuildFile; fileRef = 2A94494E1BE9ACA800815140 /* Dzhcm.m */; settings = {COMPILER_FLAGS = "-fno-objc-arc"; }; };
		2A94499F1BE9ACA900815140 /* Dzhdstoken.m in Sources */ = {isa = PBXBuildFile; fileRef = 2A9449501BE9ACA800815140 /* Dzhdstoken.m */; settings = {COMPILER_FLAGS = "-fno-objc-arc"; }; };
		2A9449A01BE9ACA900815140 /* DzhIndicate.m in Sources */ = {isa = PBXBuildFile; fileRef = 2A9449521BE9ACA800815140 /* DzhIndicate.m */; settings = {COMPILER_FLAGS = "-fno-objc-arc"; }; };
		2A9449A11BE9ACA900815140 /* Dzhmsg.m in Sources */ = {isa = PBXBuildFile; fileRef = 2A9449541BE9ACA800815140 /* Dzhmsg.m */; settings = {COMPILER_FLAGS = "-fno-objc-arc"; }; };
		2A9449A21BE9ACA900815140 /* DzhNewsInfo.m in Sources */ = {isa = PBXBuildFile; fileRef = 2A9449561BE9ACA800815140 /* DzhNewsInfo.m */; settings = {COMPILER_FLAGS = "-fno-objc-arc"; }; };
		2A9449A31BE9ACA900815140 /* Dzhoutput.m in Sources */ = {isa = PBXBuildFile; fileRef = 2A9449581BE9ACA800815140 /* Dzhoutput.m */; settings = {COMPILER_FLAGS = "-fno-objc-arc"; }; };
		2A9449A41BE9ACA900815140 /* Dzhpbtable.m in Sources */ = {isa = PBXBuildFile; fileRef = 2A94495A1BE9ACA800815140 /* Dzhpbtable.m */; settings = {COMPILER_FLAGS = "-fno-objc-arc"; }; };
		2A9449A51BE9ACA900815140 /* Dzhpriv.m in Sources */ = {isa = PBXBuildFile; fileRef = 2A94495C1BE9ACA800815140 /* Dzhpriv.m */; settings = {COMPILER_FLAGS = "-fno-objc-arc"; }; };
		2A9449A61BE9ACA900815140 /* Dzhsds.m in Sources */ = {isa = PBXBuildFile; fileRef = 2A94495E1BE9ACA800815140 /* Dzhsds.m */; settings = {COMPILER_FLAGS = "-fno-objc-arc"; }; };
		2A9449A71BE9ACA900815140 /* Dzhselfstock.m in Sources */ = {isa = PBXBuildFile; fileRef = 2A9449601BE9ACA800815140 /* Dzhselfstock.m */; settings = {COMPILER_FLAGS = "-fno-objc-arc"; }; };
		2A9449A81BE9ACA900815140 /* Dzhstorageproxy.m in Sources */ = {isa = PBXBuildFile; fileRef = 2A9449621BE9ACA800815140 /* Dzhstorageproxy.m */; settings = {COMPILER_FLAGS = "-fno-objc-arc"; }; };
		2A9449A91BE9ACA900815140 /* Dzhtoken.m in Sources */ = {isa = PBXBuildFile; fileRef = 2A9449641BE9ACA800815140 /* Dzhtoken.m */; settings = {COMPILER_FLAGS = "-fno-objc-arc"; }; };
		2A9449AA1BE9ACA900815140 /* Dzhua.m in Sources */ = {isa = PBXBuildFile; fileRef = 2A9449661BE9ACA800815140 /* Dzhua.m */; settings = {COMPILER_FLAGS = "-fno-objc-arc"; }; };
		2A9449AB1BE9ACA900815140 /* Dzhyun.m in Sources */ = {isa = PBXBuildFile; fileRef = 2A9449681BE9ACA800815140 /* Dzhyun.m */; settings = {COMPILER_FLAGS = "-fno-objc-arc"; }; };
		2A9449AC1BE9ACA900815140 /* DzhyunAdvert.m in Sources */ = {isa = PBXBuildFile; fileRef = 2A94496A1BE9ACA800815140 /* DzhyunAdvert.m */; settings = {COMPILER_FLAGS = "-fno-objc-arc"; }; };
		2A9449AD1BE9ACA900815140 /* DzhyunAlarm.m in Sources */ = {isa = PBXBuildFile; fileRef = 2A94496C1BE9ACA800815140 /* DzhyunAlarm.m */; settings = {COMPILER_FLAGS = "-fno-objc-arc"; }; };
		2A9449AE1BE9ACA900815140 /* DzhyunF10.m in Sources */ = {isa = PBXBuildFile; fileRef = 2A94496E1BE9ACA800815140 /* DzhyunF10.m */; settings = {COMPILER_FLAGS = "-fno-objc-arc"; }; };
		2A9449AF1BE9ACA900815140 /* DzhyunFenjijijin.m in Sources */ = {isa = PBXBuildFile; fileRef = 2A9449701BE9ACA800815140 /* DzhyunFenjijijin.m */; settings = {COMPILER_FLAGS = "-fno-objc-arc"; }; };
		2A9449B01BE9ACA900815140 /* DzhyunGupiaolianxu.m in Sources */ = {isa = PBXBuildFile; fileRef = 2A9449721BE9ACA800815140 /* DzhyunGupiaolianxu.m */; settings = {COMPILER_FLAGS = "-fno-objc-arc"; }; };
		2A9449B11BE9ACA900815140 /* DzhyunGupiaoqiepian.m in Sources */ = {isa = PBXBuildFile; fileRef = 2A9449741BE9ACA800815140 /* DzhyunGupiaoqiepian.m */; settings = {COMPILER_FLAGS = "-fno-objc-arc"; }; };
		2A9449B21BE9ACA900815140 /* DzhyunJianpanbao.m in Sources */ = {isa = PBXBuildFile; fileRef = 2A9449761BE9ACA800815140 /* DzhyunJianpanbao.m */; settings = {COMPILER_FLAGS = "-fno-objc-arc"; }; };
		2A9449B31BE9ACA900815140 /* DzhyunMarketstatus.m in Sources */ = {isa = PBXBuildFile; fileRef = 2A9449781BE9ACA800815140 /* DzhyunMarketstatus.m */; settings = {COMPILER_FLAGS = "-fno-objc-arc"; }; };
		2A9449B41BE9ACA900815140 /* DzhyunPaixu.m in Sources */ = {isa = PBXBuildFile; fileRef = 2A94497A1BE9ACA800815140 /* DzhyunPaixu.m */; settings = {COMPILER_FLAGS = "-fno-objc-arc"; }; };
		2A9449B51BE9ACA900815140 /* DzhyunStatic.m in Sources */ = {isa = PBXBuildFile; fileRef = 2A94497C1BE9ACA800815140 /* DzhyunStatic.m */; settings = {COMPILER_FLAGS = "-fno-objc-arc"; }; };
		2A9449B61BE9ACA900815140 /* DzhyunStkdata.m in Sources */ = {isa = PBXBuildFile; fileRef = 2A94497E1BE9ACA800815140 /* DzhyunStkdata.m */; settings = {COMPILER_FLAGS = "-fno-objc-arc"; }; };
		2A9449B71BE9ACA900815140 /* DzhyunTongji.m in Sources */ = {isa = PBXBuildFile; fileRef = 2A9449801BE9ACA800815140 /* DzhyunTongji.m */; settings = {COMPILER_FLAGS = "-fno-objc-arc"; }; };
		2A9449B81BE9ACA900815140 /* DzhyunTopicinvest.m in Sources */ = {isa = PBXBuildFile; fileRef = 2A9449821BE9ACA800815140 /* DzhyunTopicinvest.m */; settings = {COMPILER_FLAGS = "-fno-objc-arc"; }; };
		2A9449B91BE9ACA900815140 /* DzhyunUser.m in Sources */ = {isa = PBXBuildFile; fileRef = 2A9449841BE9ACA800815140 /* DzhyunUser.m */; settings = {COMPILER_FLAGS = "-fno-objc-arc"; }; };
		2A9449BA1BE9ACA900815140 /* DzhyunUserGroup.m in Sources */ = {isa = PBXBuildFile; fileRef = 2A9449861BE9ACA800815140 /* DzhyunUserGroup.m */; settings = {COMPILER_FLAGS = "-fno-objc-arc"; }; };
		2A9449BB1BE9ACA900815140 /* DzhyunUserProp.m in Sources */ = {isa = PBXBuildFile; fileRef = 2A9449881BE9ACA900815140 /* DzhyunUserProp.m */; settings = {COMPILER_FLAGS = "-fno-objc-arc"; }; };
		2A9449BC1BE9ACA900815140 /* DzhyunUserpushlist.m in Sources */ = {isa = PBXBuildFile; fileRef = 2A94498A1BE9ACA900815140 /* DzhyunUserpushlist.m */; settings = {COMPILER_FLAGS = "-fno-objc-arc"; }; };
		2A9449BD1BE9ACA900815140 /* DzhyunZhibiao.m in Sources */ = {isa = PBXBuildFile; fileRef = 2A94498C1BE9ACA900815140 /* DzhyunZhibiao.m */; settings = {COMPILER_FLAGS = "-fno-objc-arc"; }; };
		2A9449BE1BE9ACA900815140 /* DzhyunZhibiaojisuan.m in Sources */ = {isa = PBXBuildFile; fileRef = 2A94498E1BE9ACA900815140 /* DzhyunZhibiaojisuan.m */; settings = {COMPILER_FLAGS = "-fno-objc-arc"; }; };
		2A9449BF1BE9ACA900815140 /* Indicalc.m in Sources */ = {isa = PBXBuildFile; fileRef = 2A9449901BE9ACA900815140 /* Indicalc.m */; settings = {COMPILER_FLAGS = "-fno-objc-arc"; }; };
		2A9449C01BE9ACA900815140 /* Sysbus.m in Sources */ = {isa = PBXBuildFile; fileRef = 2A9449921BE9ACA900815140 /* Sysbus.m */; settings = {COMPILER_FLAGS = "-fno-objc-arc"; }; };
		2A9449C51BE9ACBE00815140 /* Pb2Json.m in Sources */ = {isa = PBXBuildFile; fileRef = 2A9449C21BE9ACBE00815140 /* Pb2Json.m */; settings = {COMPILER_FLAGS = "-fno-objc-arc"; }; };
		2A9449C61BE9ACBE00815140 /* YFloat.m in Sources */ = {isa = PBXBuildFile; fileRef = 2A9449C41BE9ACBE00815140 /* YFloat.m */; settings = {COMPILER_FLAGS = "-fno-objc-arc"; }; };
		9041A57A1C0FE08F0058400A /* DzhMessageChSubtype.m in Sources */ = {isa = PBXBuildFile; fileRef = 9041A5701C0FE08F0058400A /* DzhMessageChSubtype.m */; settings = {COMPILER_FLAGS = "-fno-objc-arc"; }; };
		9041A57B1C0FE08F0058400A /* DzhyunBlockstatistics.m in Sources */ = {isa = PBXBuildFile; fileRef = 9041A5721C0FE08F0058400A /* DzhyunBlockstatistics.m */; settings = {COMPILER_FLAGS = "-fno-objc-arc"; }; };
		9041A57C1C0FE08F0058400A /* DzhyunDxspirit.m in Sources */ = {isa = PBXBuildFile; fileRef = 9041A5741C0FE08F0058400A /* DzhyunDxspirit.m */; settings = {COMPILER_FLAGS = "-fno-objc-arc"; }; };
		9041A57D1C0FE08F0058400A /* DzhyunStockpool.m in Sources */ = {isa = PBXBuildFile; fileRef = 9041A5761C0FE08F0058400A /* DzhyunStockpool.m */; settings = {COMPILER_FLAGS = "-fno-objc-arc"; }; };
		9041A57E1C0FE08F0058400A /* DzhyunUserGetprop.m in Sources */ = {isa = PBXBuildFile; fileRef = 9041A5781C0FE08F0058400A /* DzhyunUserGetprop.m */; settings = {COMPILER_FLAGS = "-fno-objc-arc"; }; };
		9041A5891C0FE0C90058400A /* CldEventNewsShuJu.m in Sources */ = {isa = PBXBuildFile; fileRef = 9041A5801C0FE0C90058400A /* CldEventNewsShuJu.m */; settings = {COMPILER_FLAGS = "-fno-objc-arc"; }; };
		9041A58A1C0FE0C90058400A /* CldTradeRequiteShuJu.m in Sources */ = {isa = PBXBuildFile; fileRef = 9041A5821C0FE0C90058400A /* CldTradeRequiteShuJu.m */; settings = {COMPILER_FLAGS = "-fno-objc-arc"; }; };
		904A48EA1C16A1EA0008F56F /* Dzhapp.m in Sources */ = {isa = PBXBuildFile; fileRef = 904A48E51C16A1EA0008F56F /* Dzhapp.m */; settings = {COMPILER_FLAGS = "-fno-objc-arc"; }; };
		904A48EB1C16A1EA0008F56F /* Dzhpriv.m in Sources */ = {isa = PBXBuildFile; fileRef = 904A48E71C16A1EA0008F56F /* Dzhpriv.m */; settings = {COMPILER_FLAGS = "-fno-objc-arc"; }; };
		904A48EC1C16A1EA0008F56F /* DzhyunAuthTable.m in Sources */ = {isa = PBXBuildFile; fileRef = 904A48E91C16A1EA0008F56F /* DzhyunAuthTable.m */; settings = {COMPILER_FLAGS = "-fno-objc-arc"; }; };
		904A48EF1C16A1FC0008F56F /* Dzhflux.m in Sources */ = {isa = PBXBuildFile; fileRef = 904A48EE1C16A1FC0008F56F /* Dzhflux.m */; settings = {COMPILER_FLAGS = "-fno-objc-arc"; }; };
		90B860871BFB2FA50028CA3B /* RdFileReader.m in Sources */ = {isa = PBXBuildFile; fileRef = 90B860861BFB2FA50028CA3B /* RdFileReader.m */; };
		90B8608A1BFB2FB30028CA3B /* ZLibUtils.m in Sources */ = {isa = PBXBuildFile; fileRef = 90B860891BFB2FB30028CA3B /* ZLibUtils.m */; };
/* End PBXBuildFile section */

/* Begin PBXCopyFilesBuildPhase section */
		58B511D91A9E6C8500147676 /* CopyFiles */ = {
			isa = PBXCopyFilesBuildPhase;
			buildActionMask = 2147483647;
			dstPath = "include/$(PRODUCT_NAME)";
			dstSubfolderSpec = 16;
			files = (
			);
			runOnlyForDeploymentPostprocessing = 0;
		};
/* End PBXCopyFilesBuildPhase section */

/* Begin PBXFileReference section */
		134814201AA4EA6300B7C361 /* libYunSdk.a */ = {isa = PBXFileReference; explicitFileType = archive.ar; includeInIndex = 0; path = libYunSdk.a; sourceTree = BUILT_PRODUCTS_DIR; };
		2A94492E1BE9A63800815140 /* RCTSRDzhChannel.h */ = {isa = PBXFileReference; fileEncoding = 4; lastKnownFileType = sourcecode.c.h; path = RCTSRDzhChannel.h; sourceTree = "<group>"; };
		2A94492F1BE9A63800815140 /* RCTSRDzhChannel.m */ = {isa = PBXFileReference; fileEncoding = 4; lastKnownFileType = sourcecode.c.objc; path = RCTSRDzhChannel.m; sourceTree = "<group>"; };
		2A9449301BE9A63800815140 /* RCTDzhChannelExecutor.h */ = {isa = PBXFileReference; fileEncoding = 4; lastKnownFileType = sourcecode.c.h; path = RCTDzhChannelExecutor.h; sourceTree = "<group>"; };
		2A9449311BE9A63800815140 /* RCTDzhChannelExecutor.m */ = {isa = PBXFileReference; fileEncoding = 4; lastKnownFileType = sourcecode.c.objc; path = RCTDzhChannelExecutor.m; sourceTree = "<group>"; };
		2A9449321BE9A63800815140 /* RCTDzhChannelModule.h */ = {isa = PBXFileReference; fileEncoding = 4; lastKnownFileType = sourcecode.c.h; path = RCTDzhChannelModule.h; sourceTree = "<group>"; };
		2A9449331BE9A63800815140 /* RCTDzhChannelModule.m */ = {isa = PBXFileReference; fileEncoding = 4; lastKnownFileType = sourcecode.c.objc; path = RCTDzhChannelModule.m; sourceTree = "<group>"; };
		2A9449371BE9ACA800815140 /* AutoMsg.h */ = {isa = PBXFileReference; fileEncoding = 4; lastKnownFileType = sourcecode.c.h; name = AutoMsg.h; path = com/dzhyun/proto/AutoMsg.h; sourceTree = "<group>"; };
		2A9449381BE9ACA800815140 /* AutoMsg.m */ = {isa = PBXFileReference; fileEncoding = 4; lastKnownFileType = sourcecode.c.objc; name = AutoMsg.m; path = com/dzhyun/proto/AutoMsg.m; sourceTree = "<group>"; };
		2A9449391BE9ACA800815140 /* CldBanKuaiShuJu.h */ = {isa = PBXFileReference; fileEncoding = 4; lastKnownFileType = sourcecode.c.h; name = CldBanKuaiShuJu.h; path = com/dzhyun/proto/CldBanKuaiShuJu.h; sourceTree = "<group>"; };
		2A94493A1BE9ACA800815140 /* CldBanKuaiShuJu.m */ = {isa = PBXFileReference; fileEncoding = 4; lastKnownFileType = sourcecode.c.objc; name = CldBanKuaiShuJu.m; path = com/dzhyun/proto/CldBanKuaiShuJu.m; sourceTree = "<group>"; };
		2A94493B1BE9ACA800815140 /* CldCaiWuShuJu.h */ = {isa = PBXFileReference; fileEncoding = 4; lastKnownFileType = sourcecode.c.h; name = CldCaiWuShuJu.h; path = com/dzhyun/proto/CldCaiWuShuJu.h; sourceTree = "<group>"; };
		2A94493C1BE9ACA800815140 /* CldCaiWuShuJu.m */ = {isa = PBXFileReference; fileEncoding = 4; lastKnownFileType = sourcecode.c.objc; name = CldCaiWuShuJu.m; path = com/dzhyun/proto/CldCaiWuShuJu.m; sourceTree = "<group>"; };
		2A94493D1BE9ACA800815140 /* CldDanShangPinShuXing.h */ = {isa = PBXFileReference; fileEncoding = 4; lastKnownFileType = sourcecode.c.h; name = CldDanShangPinShuXing.h; path = com/dzhyun/proto/CldDanShangPinShuXing.h; sourceTree = "<group>"; };
		2A94493E1BE9ACA800815140 /* CldDanShangPinShuXing.m */ = {isa = PBXFileReference; fileEncoding = 4; lastKnownFileType = sourcecode.c.objc; name = CldDanShangPinShuXing.m; path = com/dzhyun/proto/CldDanShangPinShuXing.m; sourceTree = "<group>"; };
		2A94493F1BE9ACA800815140 /* CldF10ShuJu.h */ = {isa = PBXFileReference; fileEncoding = 4; lastKnownFileType = sourcecode.c.h; name = CldF10ShuJu.h; path = com/dzhyun/proto/CldF10ShuJu.h; sourceTree = "<group>"; };
		2A9449401BE9ACA800815140 /* CldF10ShuJu.m */ = {isa = PBXFileReference; fileEncoding = 4; lastKnownFileType = sourcecode.c.objc; name = CldF10ShuJu.m; path = com/dzhyun/proto/CldF10ShuJu.m; sourceTree = "<group>"; };
		2A9449411BE9ACA800815140 /* CldForecastsShuJu.h */ = {isa = PBXFileReference; fileEncoding = 4; lastKnownFileType = sourcecode.c.h; name = CldForecastsShuJu.h; path = com/dzhyun/proto/CldForecastsShuJu.h; sourceTree = "<group>"; };
		2A9449421BE9ACA800815140 /* CldForecastsShuJu.m */ = {isa = PBXFileReference; fileEncoding = 4; lastKnownFileType = sourcecode.c.objc; name = CldForecastsShuJu.m; path = com/dzhyun/proto/CldForecastsShuJu.m; sourceTree = "<group>"; };
		2A9449431BE9ACA800815140 /* CldNewsShuJu.h */ = {isa = PBXFileReference; fileEncoding = 4; lastKnownFileType = sourcecode.c.h; name = CldNewsShuJu.h; path = com/dzhyun/proto/CldNewsShuJu.h; sourceTree = "<group>"; };
		2A9449441BE9ACA800815140 /* CldNewsShuJu.m */ = {isa = PBXFileReference; fileEncoding = 4; lastKnownFileType = sourcecode.c.objc; name = CldNewsShuJu.m; path = com/dzhyun/proto/CldNewsShuJu.m; sourceTree = "<group>"; };
		2A9449451BE9ACA800815140 /* CldTopicInvestData.h */ = {isa = PBXFileReference; fileEncoding = 4; lastKnownFileType = sourcecode.c.h; name = CldTopicInvestData.h; path = com/dzhyun/proto/CldTopicInvestData.h; sourceTree = "<group>"; };
		2A9449461BE9ACA800815140 /* CldTopicInvestData.m */ = {isa = PBXFileReference; fileEncoding = 4; lastKnownFileType = sourcecode.c.objc; name = CldTopicInvestData.m; path = com/dzhyun/proto/CldTopicInvestData.m; sourceTree = "<group>"; };
		2A9449471BE9ACA800815140 /* Dzhapp.h */ = {isa = PBXFileReference; fileEncoding = 4; lastKnownFileType = sourcecode.c.h; name = Dzhapp.h; path = com/dzhyun/proto/Dzhapp.h; sourceTree = "<group>"; };
		2A9449481BE9ACA800815140 /* Dzhapp.m */ = {isa = PBXFileReference; fileEncoding = 4; lastKnownFileType = sourcecode.c.objc; name = Dzhapp.m; path = com/dzhyun/proto/Dzhapp.m; sourceTree = "<group>"; };
		2A9449491BE9ACA800815140 /* DzhBlock.h */ = {isa = PBXFileReference; fileEncoding = 4; lastKnownFileType = sourcecode.c.h; name = DzhBlock.h; path = com/dzhyun/proto/DzhBlock.h; sourceTree = "<group>"; };
		2A94494A1BE9ACA800815140 /* DzhBlock.m */ = {isa = PBXFileReference; fileEncoding = 4; lastKnownFileType = sourcecode.c.objc; name = DzhBlock.m; path = com/dzhyun/proto/DzhBlock.m; sourceTree = "<group>"; };
		2A94494B1BE9ACA800815140 /* Dzhbus.h */ = {isa = PBXFileReference; fileEncoding = 4; lastKnownFileType = sourcecode.c.h; name = Dzhbus.h; path = com/dzhyun/proto/Dzhbus.h; sourceTree = "<group>"; };
		2A94494C1BE9ACA800815140 /* Dzhbus.m */ = {isa = PBXFileReference; fileEncoding = 4; lastKnownFileType = sourcecode.c.objc; name = Dzhbus.m; path = com/dzhyun/proto/Dzhbus.m; sourceTree = "<group>"; };
		2A94494D1BE9ACA800815140 /* Dzhcm.h */ = {isa = PBXFileReference; fileEncoding = 4; lastKnownFileType = sourcecode.c.h; name = Dzhcm.h; path = com/dzhyun/proto/Dzhcm.h; sourceTree = "<group>"; };
		2A94494E1BE9ACA800815140 /* Dzhcm.m */ = {isa = PBXFileReference; fileEncoding = 4; lastKnownFileType = sourcecode.c.objc; name = Dzhcm.m; path = com/dzhyun/proto/Dzhcm.m; sourceTree = "<group>"; };
		2A94494F1BE9ACA800815140 /* Dzhdstoken.h */ = {isa = PBXFileReference; fileEncoding = 4; lastKnownFileType = sourcecode.c.h; name = Dzhdstoken.h; path = com/dzhyun/proto/Dzhdstoken.h; sourceTree = "<group>"; };
		2A9449501BE9ACA800815140 /* Dzhdstoken.m */ = {isa = PBXFileReference; fileEncoding = 4; lastKnownFileType = sourcecode.c.objc; name = Dzhdstoken.m; path = com/dzhyun/proto/Dzhdstoken.m; sourceTree = "<group>"; };
		2A9449511BE9ACA800815140 /* DzhIndicate.h */ = {isa = PBXFileReference; fileEncoding = 4; lastKnownFileType = sourcecode.c.h; name = DzhIndicate.h; path = com/dzhyun/proto/DzhIndicate.h; sourceTree = "<group>"; };
		2A9449521BE9ACA800815140 /* DzhIndicate.m */ = {isa = PBXFileReference; fileEncoding = 4; lastKnownFileType = sourcecode.c.objc; name = DzhIndicate.m; path = com/dzhyun/proto/DzhIndicate.m; sourceTree = "<group>"; };
		2A9449531BE9ACA800815140 /* Dzhmsg.h */ = {isa = PBXFileReference; fileEncoding = 4; lastKnownFileType = sourcecode.c.h; name = Dzhmsg.h; path = com/dzhyun/proto/Dzhmsg.h; sourceTree = "<group>"; };
		2A9449541BE9ACA800815140 /* Dzhmsg.m */ = {isa = PBXFileReference; fileEncoding = 4; lastKnownFileType = sourcecode.c.objc; name = Dzhmsg.m; path = com/dzhyun/proto/Dzhmsg.m; sourceTree = "<group>"; };
		2A9449551BE9ACA800815140 /* DzhNewsInfo.h */ = {isa = PBXFileReference; fileEncoding = 4; lastKnownFileType = sourcecode.c.h; name = DzhNewsInfo.h; path = com/dzhyun/proto/DzhNewsInfo.h; sourceTree = "<group>"; };
		2A9449561BE9ACA800815140 /* DzhNewsInfo.m */ = {isa = PBXFileReference; fileEncoding = 4; lastKnownFileType = sourcecode.c.objc; name = DzhNewsInfo.m; path = com/dzhyun/proto/DzhNewsInfo.m; sourceTree = "<group>"; };
		2A9449571BE9ACA800815140 /* Dzhoutput.h */ = {isa = PBXFileReference; fileEncoding = 4; lastKnownFileType = sourcecode.c.h; name = Dzhoutput.h; path = com/dzhyun/proto/Dzhoutput.h; sourceTree = "<group>"; };
		2A9449581BE9ACA800815140 /* Dzhoutput.m */ = {isa = PBXFileReference; fileEncoding = 4; lastKnownFileType = sourcecode.c.objc; name = Dzhoutput.m; path = com/dzhyun/proto/Dzhoutput.m; sourceTree = "<group>"; };
		2A9449591BE9ACA800815140 /* Dzhpbtable.h */ = {isa = PBXFileReference; fileEncoding = 4; lastKnownFileType = sourcecode.c.h; name = Dzhpbtable.h; path = com/dzhyun/proto/Dzhpbtable.h; sourceTree = "<group>"; };
		2A94495A1BE9ACA800815140 /* Dzhpbtable.m */ = {isa = PBXFileReference; fileEncoding = 4; lastKnownFileType = sourcecode.c.objc; name = Dzhpbtable.m; path = com/dzhyun/proto/Dzhpbtable.m; sourceTree = "<group>"; };
		2A94495B1BE9ACA800815140 /* Dzhpriv.h */ = {isa = PBXFileReference; fileEncoding = 4; lastKnownFileType = sourcecode.c.h; name = Dzhpriv.h; path = com/dzhyun/proto/Dzhpriv.h; sourceTree = "<group>"; };
		2A94495C1BE9ACA800815140 /* Dzhpriv.m */ = {isa = PBXFileReference; fileEncoding = 4; lastKnownFileType = sourcecode.c.objc; name = Dzhpriv.m; path = com/dzhyun/proto/Dzhpriv.m; sourceTree = "<group>"; };
		2A94495D1BE9ACA800815140 /* Dzhsds.h */ = {isa = PBXFileReference; fileEncoding = 4; lastKnownFileType = sourcecode.c.h; name = Dzhsds.h; path = com/dzhyun/proto/Dzhsds.h; sourceTree = "<group>"; };
		2A94495E1BE9ACA800815140 /* Dzhsds.m */ = {isa = PBXFileReference; fileEncoding = 4; lastKnownFileType = sourcecode.c.objc; name = Dzhsds.m; path = com/dzhyun/proto/Dzhsds.m; sourceTree = "<group>"; };
		2A94495F1BE9ACA800815140 /* Dzhselfstock.h */ = {isa = PBXFileReference; fileEncoding = 4; lastKnownFileType = sourcecode.c.h; name = Dzhselfstock.h; path = com/dzhyun/proto/Dzhselfstock.h; sourceTree = "<group>"; };
		2A9449601BE9ACA800815140 /* Dzhselfstock.m */ = {isa = PBXFileReference; fileEncoding = 4; lastKnownFileType = sourcecode.c.objc; name = Dzhselfstock.m; path = com/dzhyun/proto/Dzhselfstock.m; sourceTree = "<group>"; };
		2A9449611BE9ACA800815140 /* Dzhstorageproxy.h */ = {isa = PBXFileReference; fileEncoding = 4; lastKnownFileType = sourcecode.c.h; name = Dzhstorageproxy.h; path = com/dzhyun/proto/Dzhstorageproxy.h; sourceTree = "<group>"; };
		2A9449621BE9ACA800815140 /* Dzhstorageproxy.m */ = {isa = PBXFileReference; fileEncoding = 4; lastKnownFileType = sourcecode.c.objc; name = Dzhstorageproxy.m; path = com/dzhyun/proto/Dzhstorageproxy.m; sourceTree = "<group>"; };
		2A9449631BE9ACA800815140 /* Dzhtoken.h */ = {isa = PBXFileReference; fileEncoding = 4; lastKnownFileType = sourcecode.c.h; name = Dzhtoken.h; path = com/dzhyun/proto/Dzhtoken.h; sourceTree = "<group>"; };
		2A9449641BE9ACA800815140 /* Dzhtoken.m */ = {isa = PBXFileReference; fileEncoding = 4; lastKnownFileType = sourcecode.c.objc; name = Dzhtoken.m; path = com/dzhyun/proto/Dzhtoken.m; sourceTree = "<group>"; };
		2A9449651BE9ACA800815140 /* Dzhua.h */ = {isa = PBXFileReference; fileEncoding = 4; lastKnownFileType = sourcecode.c.h; name = Dzhua.h; path = com/dzhyun/proto/Dzhua.h; sourceTree = "<group>"; };
		2A9449661BE9ACA800815140 /* Dzhua.m */ = {isa = PBXFileReference; fileEncoding = 4; lastKnownFileType = sourcecode.c.objc; name = Dzhua.m; path = com/dzhyun/proto/Dzhua.m; sourceTree = "<group>"; };
		2A9449671BE9ACA800815140 /* Dzhyun.h */ = {isa = PBXFileReference; fileEncoding = 4; lastKnownFileType = sourcecode.c.h; name = Dzhyun.h; path = com/dzhyun/proto/Dzhyun.h; sourceTree = "<group>"; };
		2A9449681BE9ACA800815140 /* Dzhyun.m */ = {isa = PBXFileReference; fileEncoding = 4; lastKnownFileType = sourcecode.c.objc; name = Dzhyun.m; path = com/dzhyun/proto/Dzhyun.m; sourceTree = "<group>"; };
		2A9449691BE9ACA800815140 /* DzhyunAdvert.h */ = {isa = PBXFileReference; fileEncoding = 4; lastKnownFileType = sourcecode.c.h; name = DzhyunAdvert.h; path = com/dzhyun/proto/DzhyunAdvert.h; sourceTree = "<group>"; };
		2A94496A1BE9ACA800815140 /* DzhyunAdvert.m */ = {isa = PBXFileReference; fileEncoding = 4; lastKnownFileType = sourcecode.c.objc; name = DzhyunAdvert.m; path = com/dzhyun/proto/DzhyunAdvert.m; sourceTree = "<group>"; };
		2A94496B1BE9ACA800815140 /* DzhyunAlarm.h */ = {isa = PBXFileReference; fileEncoding = 4; lastKnownFileType = sourcecode.c.h; name = DzhyunAlarm.h; path = com/dzhyun/proto/DzhyunAlarm.h; sourceTree = "<group>"; };
		2A94496C1BE9ACA800815140 /* DzhyunAlarm.m */ = {isa = PBXFileReference; fileEncoding = 4; lastKnownFileType = sourcecode.c.objc; name = DzhyunAlarm.m; path = com/dzhyun/proto/DzhyunAlarm.m; sourceTree = "<group>"; };
		2A94496D1BE9ACA800815140 /* DzhyunF10.h */ = {isa = PBXFileReference; fileEncoding = 4; lastKnownFileType = sourcecode.c.h; name = DzhyunF10.h; path = com/dzhyun/proto/DzhyunF10.h; sourceTree = "<group>"; };
		2A94496E1BE9ACA800815140 /* DzhyunF10.m */ = {isa = PBXFileReference; fileEncoding = 4; lastKnownFileType = sourcecode.c.objc; name = DzhyunF10.m; path = com/dzhyun/proto/DzhyunF10.m; sourceTree = "<group>"; };
		2A94496F1BE9ACA800815140 /* DzhyunFenjijijin.h */ = {isa = PBXFileReference; fileEncoding = 4; lastKnownFileType = sourcecode.c.h; name = DzhyunFenjijijin.h; path = com/dzhyun/proto/DzhyunFenjijijin.h; sourceTree = "<group>"; };
		2A9449701BE9ACA800815140 /* DzhyunFenjijijin.m */ = {isa = PBXFileReference; fileEncoding = 4; lastKnownFileType = sourcecode.c.objc; name = DzhyunFenjijijin.m; path = com/dzhyun/proto/DzhyunFenjijijin.m; sourceTree = "<group>"; };
		2A9449711BE9ACA800815140 /* DzhyunGupiaolianxu.h */ = {isa = PBXFileReference; fileEncoding = 4; lastKnownFileType = sourcecode.c.h; name = DzhyunGupiaolianxu.h; path = com/dzhyun/proto/DzhyunGupiaolianxu.h; sourceTree = "<group>"; };
		2A9449721BE9ACA800815140 /* DzhyunGupiaolianxu.m */ = {isa = PBXFileReference; fileEncoding = 4; lastKnownFileType = sourcecode.c.objc; name = DzhyunGupiaolianxu.m; path = com/dzhyun/proto/DzhyunGupiaolianxu.m; sourceTree = "<group>"; };
		2A9449731BE9ACA800815140 /* DzhyunGupiaoqiepian.h */ = {isa = PBXFileReference; fileEncoding = 4; lastKnownFileType = sourcecode.c.h; name = DzhyunGupiaoqiepian.h; path = com/dzhyun/proto/DzhyunGupiaoqiepian.h; sourceTree = "<group>"; };
		2A9449741BE9ACA800815140 /* DzhyunGupiaoqiepian.m */ = {isa = PBXFileReference; fileEncoding = 4; lastKnownFileType = sourcecode.c.objc; name = DzhyunGupiaoqiepian.m; path = com/dzhyun/proto/DzhyunGupiaoqiepian.m; sourceTree = "<group>"; };
		2A9449751BE9ACA800815140 /* DzhyunJianpanbao.h */ = {isa = PBXFileReference; fileEncoding = 4; lastKnownFileType = sourcecode.c.h; name = DzhyunJianpanbao.h; path = com/dzhyun/proto/DzhyunJianpanbao.h; sourceTree = "<group>"; };
		2A9449761BE9ACA800815140 /* DzhyunJianpanbao.m */ = {isa = PBXFileReference; fileEncoding = 4; lastKnownFileType = sourcecode.c.objc; name = DzhyunJianpanbao.m; path = com/dzhyun/proto/DzhyunJianpanbao.m; sourceTree = "<group>"; };
		2A9449771BE9ACA800815140 /* DzhyunMarketstatus.h */ = {isa = PBXFileReference; fileEncoding = 4; lastKnownFileType = sourcecode.c.h; name = DzhyunMarketstatus.h; path = com/dzhyun/proto/DzhyunMarketstatus.h; sourceTree = "<group>"; };
		2A9449781BE9ACA800815140 /* DzhyunMarketstatus.m */ = {isa = PBXFileReference; fileEncoding = 4; lastKnownFileType = sourcecode.c.objc; name = DzhyunMarketstatus.m; path = com/dzhyun/proto/DzhyunMarketstatus.m; sourceTree = "<group>"; };
		2A9449791BE9ACA800815140 /* DzhyunPaixu.h */ = {isa = PBXFileReference; fileEncoding = 4; lastKnownFileType = sourcecode.c.h; name = DzhyunPaixu.h; path = com/dzhyun/proto/DzhyunPaixu.h; sourceTree = "<group>"; };
		2A94497A1BE9ACA800815140 /* DzhyunPaixu.m */ = {isa = PBXFileReference; fileEncoding = 4; lastKnownFileType = sourcecode.c.objc; name = DzhyunPaixu.m; path = com/dzhyun/proto/DzhyunPaixu.m; sourceTree = "<group>"; };
		2A94497B1BE9ACA800815140 /* DzhyunStatic.h */ = {isa = PBXFileReference; fileEncoding = 4; lastKnownFileType = sourcecode.c.h; name = DzhyunStatic.h; path = com/dzhyun/proto/DzhyunStatic.h; sourceTree = "<group>"; };
		2A94497C1BE9ACA800815140 /* DzhyunStatic.m */ = {isa = PBXFileReference; fileEncoding = 4; lastKnownFileType = sourcecode.c.objc; name = DzhyunStatic.m; path = com/dzhyun/proto/DzhyunStatic.m; sourceTree = "<group>"; };
		2A94497D1BE9ACA800815140 /* DzhyunStkdata.h */ = {isa = PBXFileReference; fileEncoding = 4; lastKnownFileType = sourcecode.c.h; name = DzhyunStkdata.h; path = com/dzhyun/proto/DzhyunStkdata.h; sourceTree = "<group>"; };
		2A94497E1BE9ACA800815140 /* DzhyunStkdata.m */ = {isa = PBXFileReference; fileEncoding = 4; lastKnownFileType = sourcecode.c.objc; name = DzhyunStkdata.m; path = com/dzhyun/proto/DzhyunStkdata.m; sourceTree = "<group>"; };
		2A94497F1BE9ACA800815140 /* DzhyunTongji.h */ = {isa = PBXFileReference; fileEncoding = 4; lastKnownFileType = sourcecode.c.h; name = DzhyunTongji.h; path = com/dzhyun/proto/DzhyunTongji.h; sourceTree = "<group>"; };
		2A9449801BE9ACA800815140 /* DzhyunTongji.m */ = {isa = PBXFileReference; fileEncoding = 4; lastKnownFileType = sourcecode.c.objc; name = DzhyunTongji.m; path = com/dzhyun/proto/DzhyunTongji.m; sourceTree = "<group>"; };
		2A9449811BE9ACA800815140 /* DzhyunTopicinvest.h */ = {isa = PBXFileReference; fileEncoding = 4; lastKnownFileType = sourcecode.c.h; name = DzhyunTopicinvest.h; path = com/dzhyun/proto/DzhyunTopicinvest.h; sourceTree = "<group>"; };
		2A9449821BE9ACA800815140 /* DzhyunTopicinvest.m */ = {isa = PBXFileReference; fileEncoding = 4; lastKnownFileType = sourcecode.c.objc; name = DzhyunTopicinvest.m; path = com/dzhyun/proto/DzhyunTopicinvest.m; sourceTree = "<group>"; };
		2A9449831BE9ACA800815140 /* DzhyunUser.h */ = {isa = PBXFileReference; fileEncoding = 4; lastKnownFileType = sourcecode.c.h; name = DzhyunUser.h; path = com/dzhyun/proto/DzhyunUser.h; sourceTree = "<group>"; };
		2A9449841BE9ACA800815140 /* DzhyunUser.m */ = {isa = PBXFileReference; fileEncoding = 4; lastKnownFileType = sourcecode.c.objc; name = DzhyunUser.m; path = com/dzhyun/proto/DzhyunUser.m; sourceTree = "<group>"; };
		2A9449851BE9ACA800815140 /* DzhyunUserGroup.h */ = {isa = PBXFileReference; fileEncoding = 4; lastKnownFileType = sourcecode.c.h; name = DzhyunUserGroup.h; path = com/dzhyun/proto/DzhyunUserGroup.h; sourceTree = "<group>"; };
		2A9449861BE9ACA800815140 /* DzhyunUserGroup.m */ = {isa = PBXFileReference; fileEncoding = 4; lastKnownFileType = sourcecode.c.objc; name = DzhyunUserGroup.m; path = com/dzhyun/proto/DzhyunUserGroup.m; sourceTree = "<group>"; };
		2A9449871BE9ACA800815140 /* DzhyunUserProp.h */ = {isa = PBXFileReference; fileEncoding = 4; lastKnownFileType = sourcecode.c.h; name = DzhyunUserProp.h; path = com/dzhyun/proto/DzhyunUserProp.h; sourceTree = "<group>"; };
		2A9449881BE9ACA900815140 /* DzhyunUserProp.m */ = {isa = PBXFileReference; fileEncoding = 4; lastKnownFileType = sourcecode.c.objc; name = DzhyunUserProp.m; path = com/dzhyun/proto/DzhyunUserProp.m; sourceTree = "<group>"; };
		2A9449891BE9ACA900815140 /* DzhyunUserpushlist.h */ = {isa = PBXFileReference; fileEncoding = 4; lastKnownFileType = sourcecode.c.h; name = DzhyunUserpushlist.h; path = com/dzhyun/proto/DzhyunUserpushlist.h; sourceTree = "<group>"; };
		2A94498A1BE9ACA900815140 /* DzhyunUserpushlist.m */ = {isa = PBXFileReference; fileEncoding = 4; lastKnownFileType = sourcecode.c.objc; name = DzhyunUserpushlist.m; path = com/dzhyun/proto/DzhyunUserpushlist.m; sourceTree = "<group>"; };
		2A94498B1BE9ACA900815140 /* DzhyunZhibiao.h */ = {isa = PBXFileReference; fileEncoding = 4; lastKnownFileType = sourcecode.c.h; name = DzhyunZhibiao.h; path = com/dzhyun/proto/DzhyunZhibiao.h; sourceTree = "<group>"; };
		2A94498C1BE9ACA900815140 /* DzhyunZhibiao.m */ = {isa = PBXFileReference; fileEncoding = 4; lastKnownFileType = sourcecode.c.objc; name = DzhyunZhibiao.m; path = com/dzhyun/proto/DzhyunZhibiao.m; sourceTree = "<group>"; };
		2A94498D1BE9ACA900815140 /* DzhyunZhibiaojisuan.h */ = {isa = PBXFileReference; fileEncoding = 4; lastKnownFileType = sourcecode.c.h; name = DzhyunZhibiaojisuan.h; path = com/dzhyun/proto/DzhyunZhibiaojisuan.h; sourceTree = "<group>"; };
		2A94498E1BE9ACA900815140 /* DzhyunZhibiaojisuan.m */ = {isa = PBXFileReference; fileEncoding = 4; lastKnownFileType = sourcecode.c.objc; name = DzhyunZhibiaojisuan.m; path = com/dzhyun/proto/DzhyunZhibiaojisuan.m; sourceTree = "<group>"; };
		2A94498F1BE9ACA900815140 /* Indicalc.h */ = {isa = PBXFileReference; fileEncoding = 4; lastKnownFileType = sourcecode.c.h; name = Indicalc.h; path = com/dzhyun/proto/Indicalc.h; sourceTree = "<group>"; };
		2A9449901BE9ACA900815140 /* Indicalc.m */ = {isa = PBXFileReference; fileEncoding = 4; lastKnownFileType = sourcecode.c.objc; name = Indicalc.m; path = com/dzhyun/proto/Indicalc.m; sourceTree = "<group>"; };
		2A9449911BE9ACA900815140 /* Sysbus.h */ = {isa = PBXFileReference; fileEncoding = 4; lastKnownFileType = sourcecode.c.h; name = Sysbus.h; path = com/dzhyun/proto/Sysbus.h; sourceTree = "<group>"; };
		2A9449921BE9ACA900815140 /* Sysbus.m */ = {isa = PBXFileReference; fileEncoding = 4; lastKnownFileType = sourcecode.c.objc; name = Sysbus.m; path = com/dzhyun/proto/Sysbus.m; sourceTree = "<group>"; };
		2A9449C11BE9ACBE00815140 /* Pb2Json.h */ = {isa = PBXFileReference; fileEncoding = 4; lastKnownFileType = sourcecode.c.h; name = Pb2Json.h; path = com/dzhyun/sdk/Pb2Json.h; sourceTree = "<group>"; };
		2A9449C21BE9ACBE00815140 /* Pb2Json.m */ = {isa = PBXFileReference; fileEncoding = 4; lastKnownFileType = sourcecode.c.objc; name = Pb2Json.m; path = com/dzhyun/sdk/Pb2Json.m; sourceTree = "<group>"; };
		2A9449C31BE9ACBE00815140 /* YFloat.h */ = {isa = PBXFileReference; fileEncoding = 4; lastKnownFileType = sourcecode.c.h; name = YFloat.h; path = com/dzhyun/sdk/YFloat.h; sourceTree = "<group>"; };
		2A9449C41BE9ACBE00815140 /* YFloat.m */ = {isa = PBXFileReference; fileEncoding = 4; lastKnownFileType = sourcecode.c.objc; name = YFloat.m; path = com/dzhyun/sdk/YFloat.m; sourceTree = "<group>"; };
		9041A56F1C0FE08F0058400A /* DzhMessageChSubtype.h */ = {isa = PBXFileReference; fileEncoding = 4; lastKnownFileType = sourcecode.c.h; name = DzhMessageChSubtype.h; path = com/dzhyun/proto/DzhMessageChSubtype.h; sourceTree = "<group>"; };
		9041A5701C0FE08F0058400A /* DzhMessageChSubtype.m */ = {isa = PBXFileReference; fileEncoding = 4; lastKnownFileType = sourcecode.c.objc; name = DzhMessageChSubtype.m; path = com/dzhyun/proto/DzhMessageChSubtype.m; sourceTree = "<group>"; };
		9041A5711C0FE08F0058400A /* DzhyunBlockstatistics.h */ = {isa = PBXFileReference; fileEncoding = 4; lastKnownFileType = sourcecode.c.h; name = DzhyunBlockstatistics.h; path = com/dzhyun/proto/DzhyunBlockstatistics.h; sourceTree = "<group>"; };
		9041A5721C0FE08F0058400A /* DzhyunBlockstatistics.m */ = {isa = PBXFileReference; fileEncoding = 4; lastKnownFileType = sourcecode.c.objc; name = DzhyunBlockstatistics.m; path = com/dzhyun/proto/DzhyunBlockstatistics.m; sourceTree = "<group>"; };
		9041A5731C0FE08F0058400A /* DzhyunDxspirit.h */ = {isa = PBXFileReference; fileEncoding = 4; lastKnownFileType = sourcecode.c.h; name = DzhyunDxspirit.h; path = com/dzhyun/proto/DzhyunDxspirit.h; sourceTree = "<group>"; };
		9041A5741C0FE08F0058400A /* DzhyunDxspirit.m */ = {isa = PBXFileReference; fileEncoding = 4; lastKnownFileType = sourcecode.c.objc; name = DzhyunDxspirit.m; path = com/dzhyun/proto/DzhyunDxspirit.m; sourceTree = "<group>"; };
		9041A5751C0FE08F0058400A /* DzhyunStockpool.h */ = {isa = PBXFileReference; fileEncoding = 4; lastKnownFileType = sourcecode.c.h; name = DzhyunStockpool.h; path = com/dzhyun/proto/DzhyunStockpool.h; sourceTree = "<group>"; };
		9041A5761C0FE08F0058400A /* DzhyunStockpool.m */ = {isa = PBXFileReference; fileEncoding = 4; lastKnownFileType = sourcecode.c.objc; name = DzhyunStockpool.m; path = com/dzhyun/proto/DzhyunStockpool.m; sourceTree = "<group>"; };
		9041A5771C0FE08F0058400A /* DzhyunUserGetprop.h */ = {isa = PBXFileReference; fileEncoding = 4; lastKnownFileType = sourcecode.c.h; name = DzhyunUserGetprop.h; path = com/dzhyun/proto/DzhyunUserGetprop.h; sourceTree = "<group>"; };
		9041A5781C0FE08F0058400A /* DzhyunUserGetprop.m */ = {isa = PBXFileReference; fileEncoding = 4; lastKnownFileType = sourcecode.c.objc; name = DzhyunUserGetprop.m; path = com/dzhyun/proto/DzhyunUserGetprop.m; sourceTree = "<group>"; };
		9041A57F1C0FE0C90058400A /* CldEventNewsShuJu.h */ = {isa = PBXFileReference; fileEncoding = 4; lastKnownFileType = sourcecode.c.h; name = CldEventNewsShuJu.h; path = dzhyun/CldEventNewsShuJu.h; sourceTree = "<group>"; };
		9041A5801C0FE0C90058400A /* CldEventNewsShuJu.m */ = {isa = PBXFileReference; fileEncoding = 4; lastKnownFileType = sourcecode.c.objc; name = CldEventNewsShuJu.m; path = dzhyun/CldEventNewsShuJu.m; sourceTree = "<group>"; };
		9041A5811C0FE0C90058400A /* CldTradeRequiteShuJu.h */ = {isa = PBXFileReference; fileEncoding = 4; lastKnownFileType = sourcecode.c.h; name = CldTradeRequiteShuJu.h; path = dzhyun/CldTradeRequiteShuJu.h; sourceTree = "<group>"; };
		9041A5821C0FE0C90058400A /* CldTradeRequiteShuJu.m */ = {isa = PBXFileReference; fileEncoding = 4; lastKnownFileType = sourcecode.c.objc; name = CldTradeRequiteShuJu.m; path = dzhyun/CldTradeRequiteShuJu.m; sourceTree = "<group>"; };
		904A48E41C16A1EA0008F56F /* Dzhapp.h */ = {isa = PBXFileReference; fileEncoding = 4; lastKnownFileType = sourcecode.c.h; name = Dzhapp.h; path = dzhyun/Dzhapp.h; sourceTree = "<group>"; };
		904A48E51C16A1EA0008F56F /* Dzhapp.m */ = {isa = PBXFileReference; fileEncoding = 4; lastKnownFileType = sourcecode.c.objc; name = Dzhapp.m; path = dzhyun/Dzhapp.m; sourceTree = "<group>"; };
		904A48E61C16A1EA0008F56F /* Dzhpriv.h */ = {isa = PBXFileReference; fileEncoding = 4; lastKnownFileType = sourcecode.c.h; name = Dzhpriv.h; path = dzhyun/Dzhpriv.h; sourceTree = "<group>"; };
		904A48E71C16A1EA0008F56F /* Dzhpriv.m */ = {isa = PBXFileReference; fileEncoding = 4; lastKnownFileType = sourcecode.c.objc; name = Dzhpriv.m; path = dzhyun/Dzhpriv.m; sourceTree = "<group>"; };
		904A48E81C16A1EA0008F56F /* DzhyunAuthTable.h */ = {isa = PBXFileReference; fileEncoding = 4; lastKnownFileType = sourcecode.c.h; name = DzhyunAuthTable.h; path = dzhyun/DzhyunAuthTable.h; sourceTree = "<group>"; };
		904A48E91C16A1EA0008F56F /* DzhyunAuthTable.m */ = {isa = PBXFileReference; fileEncoding = 4; lastKnownFileType = sourcecode.c.objc; name = DzhyunAuthTable.m; path = dzhyun/DzhyunAuthTable.m; sourceTree = "<group>"; };
		904A48ED1C16A1FC0008F56F /* Dzhflux.h */ = {isa = PBXFileReference; fileEncoding = 4; lastKnownFileType = sourcecode.c.h; name = Dzhflux.h; path = com/dzhyun/proto/Dzhflux.h; sourceTree = "<group>"; };
		904A48EE1C16A1FC0008F56F /* Dzhflux.m */ = {isa = PBXFileReference; fileEncoding = 4; lastKnownFileType = sourcecode.c.objc; name = Dzhflux.m; path = com/dzhyun/proto/Dzhflux.m; sourceTree = "<group>"; };
		90B860851BFB2FA50028CA3B /* RdFileReader.h */ = {isa = PBXFileReference; fileEncoding = 4; lastKnownFileType = sourcecode.c.h; path = RdFileReader.h; sourceTree = "<group>"; };
		90B860861BFB2FA50028CA3B /* RdFileReader.m */ = {isa = PBXFileReference; fileEncoding = 4; lastKnownFileType = sourcecode.c.objc; path = RdFileReader.m; sourceTree = "<group>"; };
		90B860881BFB2FB30028CA3B /* ZLibUtils.h */ = {isa = PBXFileReference; fileEncoding = 4; lastKnownFileType = sourcecode.c.h; name = ZLibUtils.h; path = com/dzhyun/sdk/ZLibUtils.h; sourceTree = "<group>"; };
		90B860891BFB2FB30028CA3B /* ZLibUtils.m */ = {isa = PBXFileReference; fileEncoding = 4; lastKnownFileType = sourcecode.c.objc; name = ZLibUtils.m; path = com/dzhyun/sdk/ZLibUtils.m; sourceTree = "<group>"; };
/* End PBXFileReference section */

/* Begin PBXFrameworksBuildPhase section */
		58B511D81A9E6C8500147676 /* Frameworks */ = {
			isa = PBXFrameworksBuildPhase;
			buildActionMask = 2147483647;
			files = (
			);
			runOnlyForDeploymentPostprocessing = 0;
		};
/* End PBXFrameworksBuildPhase section */

/* Begin PBXGroup section */
		134814211AA4EA7D00B7C361 /* Products */ = {
			isa = PBXGroup;
			children = (
				134814201AA4EA6300B7C361 /* libYunSdk.a */,
			);
			name = Products;
			sourceTree = "<group>";
		};
		58B511D21A9E6C8500147676 = {
			isa = PBXGroup;
			children = (
				904A48ED1C16A1FC0008F56F /* Dzhflux.h */,
				904A48EE1C16A1FC0008F56F /* Dzhflux.m */,
				904A48E41C16A1EA0008F56F /* Dzhapp.h */,
				904A48E51C16A1EA0008F56F /* Dzhapp.m */,
				904A48E61C16A1EA0008F56F /* Dzhpriv.h */,
				904A48E71C16A1EA0008F56F /* Dzhpriv.m */,
				904A48E81C16A1EA0008F56F /* DzhyunAuthTable.h */,
				904A48E91C16A1EA0008F56F /* DzhyunAuthTable.m */,
				9041A57F1C0FE0C90058400A /* CldEventNewsShuJu.h */,
				9041A5801C0FE0C90058400A /* CldEventNewsShuJu.m */,
				9041A5811C0FE0C90058400A /* CldTradeRequiteShuJu.h */,
				9041A5821C0FE0C90058400A /* CldTradeRequiteShuJu.m */,
				9041A56F1C0FE08F0058400A /* DzhMessageChSubtype.h */,
				9041A5701C0FE08F0058400A /* DzhMessageChSubtype.m */,
				9041A5711C0FE08F0058400A /* DzhyunBlockstatistics.h */,
				9041A5721C0FE08F0058400A /* DzhyunBlockstatistics.m */,
				9041A5731C0FE08F0058400A /* DzhyunDxspirit.h */,
				9041A5741C0FE08F0058400A /* DzhyunDxspirit.m */,
				9041A5751C0FE08F0058400A /* DzhyunStockpool.h */,
				9041A5761C0FE08F0058400A /* DzhyunStockpool.m */,
				9041A5771C0FE08F0058400A /* DzhyunUserGetprop.h */,
				9041A5781C0FE08F0058400A /* DzhyunUserGetprop.m */,
				90B860881BFB2FB30028CA3B /* ZLibUtils.h */,
				90B860891BFB2FB30028CA3B /* ZLibUtils.m */,
				90B860851BFB2FA50028CA3B /* RdFileReader.h */,
				90B860861BFB2FA50028CA3B /* RdFileReader.m */,
				2A9449C11BE9ACBE00815140 /* Pb2Json.h */,
				2A9449C21BE9ACBE00815140 /* Pb2Json.m */,
				2A9449C31BE9ACBE00815140 /* YFloat.h */,
				2A9449C41BE9ACBE00815140 /* YFloat.m */,
				2A9449371BE9ACA800815140 /* AutoMsg.h */,
				2A9449381BE9ACA800815140 /* AutoMsg.m */,
				2A9449391BE9ACA800815140 /* CldBanKuaiShuJu.h */,
				2A94493A1BE9ACA800815140 /* CldBanKuaiShuJu.m */,
				2A94493B1BE9ACA800815140 /* CldCaiWuShuJu.h */,
				2A94493C1BE9ACA800815140 /* CldCaiWuShuJu.m */,
				2A94493D1BE9ACA800815140 /* CldDanShangPinShuXing.h */,
				2A94493E1BE9ACA800815140 /* CldDanShangPinShuXing.m */,
				2A94493F1BE9ACA800815140 /* CldF10ShuJu.h */,
				2A9449401BE9ACA800815140 /* CldF10ShuJu.m */,
				2A9449411BE9ACA800815140 /* CldForecastsShuJu.h */,
				2A9449421BE9ACA800815140 /* CldForecastsShuJu.m */,
				2A9449431BE9ACA800815140 /* CldNewsShuJu.h */,
				2A9449441BE9ACA800815140 /* CldNewsShuJu.m */,
				2A9449451BE9ACA800815140 /* CldTopicInvestData.h */,
				2A9449461BE9ACA800815140 /* CldTopicInvestData.m */,
				2A9449471BE9ACA800815140 /* Dzhapp.h */,
				2A9449481BE9ACA800815140 /* Dzhapp.m */,
				2A9449491BE9ACA800815140 /* DzhBlock.h */,
				2A94494A1BE9ACA800815140 /* DzhBlock.m */,
				2A94494B1BE9ACA800815140 /* Dzhbus.h */,
				2A94494C1BE9ACA800815140 /* Dzhbus.m */,
				2A94494D1BE9ACA800815140 /* Dzhcm.h */,
				2A94494E1BE9ACA800815140 /* Dzhcm.m */,
				2A94494F1BE9ACA800815140 /* Dzhdstoken.h */,
				2A9449501BE9ACA800815140 /* Dzhdstoken.m */,
				2A9449511BE9ACA800815140 /* DzhIndicate.h */,
				2A9449521BE9ACA800815140 /* DzhIndicate.m */,
				2A9449531BE9ACA800815140 /* Dzhmsg.h */,
				2A9449541BE9ACA800815140 /* Dzhmsg.m */,
				2A9449551BE9ACA800815140 /* DzhNewsInfo.h */,
				2A9449561BE9ACA800815140 /* DzhNewsInfo.m */,
				2A9449571BE9ACA800815140 /* Dzhoutput.h */,
				2A9449581BE9ACA800815140 /* Dzhoutput.m */,
				2A9449591BE9ACA800815140 /* Dzhpbtable.h */,
				2A94495A1BE9ACA800815140 /* Dzhpbtable.m */,
				2A94495B1BE9ACA800815140 /* Dzhpriv.h */,
				2A94495C1BE9ACA800815140 /* Dzhpriv.m */,
				2A94495D1BE9ACA800815140 /* Dzhsds.h */,
				2A94495E1BE9ACA800815140 /* Dzhsds.m */,
				2A94495F1BE9ACA800815140 /* Dzhselfstock.h */,
				2A9449601BE9ACA800815140 /* Dzhselfstock.m */,
				2A9449611BE9ACA800815140 /* Dzhstorageproxy.h */,
				2A9449621BE9ACA800815140 /* Dzhstorageproxy.m */,
				2A9449631BE9ACA800815140 /* Dzhtoken.h */,
				2A9449641BE9ACA800815140 /* Dzhtoken.m */,
				2A9449651BE9ACA800815140 /* Dzhua.h */,
				2A9449661BE9ACA800815140 /* Dzhua.m */,
				2A9449671BE9ACA800815140 /* Dzhyun.h */,
				2A9449681BE9ACA800815140 /* Dzhyun.m */,
				2A9449691BE9ACA800815140 /* DzhyunAdvert.h */,
				2A94496A1BE9ACA800815140 /* DzhyunAdvert.m */,
				2A94496B1BE9ACA800815140 /* DzhyunAlarm.h */,
				2A94496C1BE9ACA800815140 /* DzhyunAlarm.m */,
				2A94496D1BE9ACA800815140 /* DzhyunF10.h */,
				2A94496E1BE9ACA800815140 /* DzhyunF10.m */,
				2A94496F1BE9ACA800815140 /* DzhyunFenjijijin.h */,
				2A9449701BE9ACA800815140 /* DzhyunFenjijijin.m */,
				2A9449711BE9ACA800815140 /* DzhyunGupiaolianxu.h */,
				2A9449721BE9ACA800815140 /* DzhyunGupiaolianxu.m */,
				2A9449731BE9ACA800815140 /* DzhyunGupiaoqiepian.h */,
				2A9449741BE9ACA800815140 /* DzhyunGupiaoqiepian.m */,
				2A9449751BE9ACA800815140 /* DzhyunJianpanbao.h */,
				2A9449761BE9ACA800815140 /* DzhyunJianpanbao.m */,
				2A9449771BE9ACA800815140 /* DzhyunMarketstatus.h */,
				2A9449781BE9ACA800815140 /* DzhyunMarketstatus.m */,
				2A9449791BE9ACA800815140 /* DzhyunPaixu.h */,
				2A94497A1BE9ACA800815140 /* DzhyunPaixu.m */,
				2A94497B1BE9ACA800815140 /* DzhyunStatic.h */,
				2A94497C1BE9ACA800815140 /* DzhyunStatic.m */,
				2A94497D1BE9ACA800815140 /* DzhyunStkdata.h */,
				2A94497E1BE9ACA800815140 /* DzhyunStkdata.m */,
				2A94497F1BE9ACA800815140 /* DzhyunTongji.h */,
				2A9449801BE9ACA800815140 /* DzhyunTongji.m */,
				2A9449811BE9ACA800815140 /* DzhyunTopicinvest.h */,
				2A9449821BE9ACA800815140 /* DzhyunTopicinvest.m */,
				2A9449831BE9ACA800815140 /* DzhyunUser.h */,
				2A9449841BE9ACA800815140 /* DzhyunUser.m */,
				2A9449851BE9ACA800815140 /* DzhyunUserGroup.h */,
				2A9449861BE9ACA800815140 /* DzhyunUserGroup.m */,
				2A9449871BE9ACA800815140 /* DzhyunUserProp.h */,
				2A9449881BE9ACA900815140 /* DzhyunUserProp.m */,
				2A9449891BE9ACA900815140 /* DzhyunUserpushlist.h */,
				2A94498A1BE9ACA900815140 /* DzhyunUserpushlist.m */,
				2A94498B1BE9ACA900815140 /* DzhyunZhibiao.h */,
				2A94498C1BE9ACA900815140 /* DzhyunZhibiao.m */,
				2A94498D1BE9ACA900815140 /* DzhyunZhibiaojisuan.h */,
				2A94498E1BE9ACA900815140 /* DzhyunZhibiaojisuan.m */,
				2A94498F1BE9ACA900815140 /* Indicalc.h */,
				2A9449901BE9ACA900815140 /* Indicalc.m */,
				2A9449911BE9ACA900815140 /* Sysbus.h */,
				2A9449921BE9ACA900815140 /* Sysbus.m */,
				2A94492E1BE9A63800815140 /* RCTSRDzhChannel.h */,
				2A94492F1BE9A63800815140 /* RCTSRDzhChannel.m */,
				2A9449301BE9A63800815140 /* RCTDzhChannelExecutor.h */,
				2A9449311BE9A63800815140 /* RCTDzhChannelExecutor.m */,
				2A9449321BE9A63800815140 /* RCTDzhChannelModule.h */,
				2A9449331BE9A63800815140 /* RCTDzhChannelModule.m */,
				134814211AA4EA7D00B7C361 /* Products */,
			);
			sourceTree = "<group>";
		};
/* End PBXGroup section */

/* Begin PBXNativeTarget section */
		58B511DA1A9E6C8500147676 /* YunSdk */ = {
			isa = PBXNativeTarget;
			buildConfigurationList = 58B511EF1A9E6C8500147676 /* Build configuration list for PBXNativeTarget "YunSdk" */;
			buildPhases = (
				58B511D71A9E6C8500147676 /* Sources */,
				58B511D81A9E6C8500147676 /* Frameworks */,
				58B511D91A9E6C8500147676 /* CopyFiles */,
			);
			buildRules = (
			);
			dependencies = (
			);
			name = YunSdk;
			productName = RCTDataManager;
			productReference = 134814201AA4EA6300B7C361 /* libYunSdk.a */;
			productType = "com.apple.product-type.library.static";
		};
/* End PBXNativeTarget section */

/* Begin PBXProject section */
		58B511D31A9E6C8500147676 /* Project object */ = {
			isa = PBXProject;
			attributes = {
				LastUpgradeCheck = 0700;
				ORGANIZATIONNAME = Facebook;
				TargetAttributes = {
					58B511DA1A9E6C8500147676 = {
						CreatedOnToolsVersion = 6.1.1;
					};
				};
			};
			buildConfigurationList = 58B511D61A9E6C8500147676 /* Build configuration list for PBXProject "YunSdk" */;
			compatibilityVersion = "Xcode 3.2";
			developmentRegion = English;
			hasScannedForEncodings = 0;
			knownRegions = (
				en,
			);
			mainGroup = 58B511D21A9E6C8500147676;
			productRefGroup = 58B511D21A9E6C8500147676;
			projectDirPath = "";
			projectRoot = "";
			targets = (
				58B511DA1A9E6C8500147676 /* YunSdk */,
			);
		};
/* End PBXProject section */

/* Begin PBXSourcesBuildPhase section */
		58B511D71A9E6C8500147676 /* Sources */ = {
			isa = PBXSourcesBuildPhase;
			buildActionMask = 2147483647;
			files = (
				9041A58A1C0FE0C90058400A /* CldTradeRequiteShuJu.m in Sources */,
				2A9449C51BE9ACBE00815140 /* Pb2Json.m in Sources */,
				2A9449BC1BE9ACA900815140 /* DzhyunUserpushlist.m in Sources */,
				2A9449BB1BE9ACA900815140 /* DzhyunUserProp.m in Sources */,
				2A9449A31BE9ACA900815140 /* Dzhoutput.m in Sources */,
				2A9449341BE9A63800815140 /* RCTSRDzhChannel.m in Sources */,
				9041A57A1C0FE08F0058400A /* DzhMessageChSubtype.m in Sources */,
				9041A57C1C0FE08F0058400A /* DzhyunDxspirit.m in Sources */,
				2A9449A51BE9ACA900815140 /* Dzhpriv.m in Sources */,
				904A48EF1C16A1FC0008F56F /* Dzhflux.m in Sources */,
				9041A57E1C0FE08F0058400A /* DzhyunUserGetprop.m in Sources */,
				90B8608A1BFB2FB30028CA3B /* ZLibUtils.m in Sources */,
				2A9449931BE9ACA900815140 /* AutoMsg.m in Sources */,
				2A9449361BE9A63800815140 /* RCTDzhChannelModule.m in Sources */,
				2A9449AC1BE9ACA900815140 /* DzhyunAdvert.m in Sources */,
				2A9449BA1BE9ACA900815140 /* DzhyunUserGroup.m in Sources */,
				904A48EC1C16A1EA0008F56F /* DzhyunAuthTable.m in Sources */,
				2A9449AF1BE9ACA900815140 /* DzhyunFenjijijin.m in Sources */,
				2A9449B01BE9ACA900815140 /* DzhyunGupiaolianxu.m in Sources */,
				2A9449971BE9ACA900815140 /* CldF10ShuJu.m in Sources */,
				2A9449941BE9ACA900815140 /* CldBanKuaiShuJu.m in Sources */,
				2A9449A71BE9ACA900815140 /* Dzhselfstock.m in Sources */,
				2A9449BD1BE9ACA900815140 /* DzhyunZhibiao.m in Sources */,
				2A9449A01BE9ACA900815140 /* DzhIndicate.m in Sources */,
				2A9449991BE9ACA900815140 /* CldNewsShuJu.m in Sources */,
				2A94499C1BE9ACA900815140 /* DzhBlock.m in Sources */,
				2A9449B91BE9ACA900815140 /* DzhyunUser.m in Sources */,
				2A9449A61BE9ACA900815140 /* Dzhsds.m in Sources */,
				2A9449B81BE9ACA900815140 /* DzhyunTopicinvest.m in Sources */,
				2A94499E1BE9ACA900815140 /* Dzhcm.m in Sources */,
				2A9449B41BE9ACA900815140 /* DzhyunPaixu.m in Sources */,
				2A9449AE1BE9ACA900815140 /* DzhyunF10.m in Sources */,
				2A9449B31BE9ACA900815140 /* DzhyunMarketstatus.m in Sources */,
				2A9449AD1BE9ACA900815140 /* DzhyunAlarm.m in Sources */,
				2A9449A91BE9ACA900815140 /* Dzhtoken.m in Sources */,
				2A9449981BE9ACA900815140 /* CldForecastsShuJu.m in Sources */,
				2A94499A1BE9ACA900815140 /* CldTopicInvestData.m in Sources */,
				2A94499B1BE9ACA900815140 /* Dzhapp.m in Sources */,
				2A9449AA1BE9ACA900815140 /* Dzhua.m in Sources */,
				2A9449351BE9A63800815140 /* RCTDzhChannelExecutor.m in Sources */,
				2A9449C61BE9ACBE00815140 /* YFloat.m in Sources */,
				2A9449961BE9ACA900815140 /* CldDanShangPinShuXing.m in Sources */,
				2A9449BF1BE9ACA900815140 /* Indicalc.m in Sources */,
				904A48EB1C16A1EA0008F56F /* Dzhpriv.m in Sources */,
				2A9449BE1BE9ACA900815140 /* DzhyunZhibiaojisuan.m in Sources */,
				2A9449A21BE9ACA900815140 /* DzhNewsInfo.m in Sources */,
				2A9449AB1BE9ACA900815140 /* Dzhyun.m in Sources */,
				2A94499D1BE9ACA900815140 /* Dzhbus.m in Sources */,
				2A9449951BE9ACA900815140 /* CldCaiWuShuJu.m in Sources */,
				2A9449B61BE9ACA900815140 /* DzhyunStkdata.m in Sources */,
				90B860871BFB2FA50028CA3B /* RdFileReader.m in Sources */,
				2A94499F1BE9ACA900815140 /* Dzhdstoken.m in Sources */,
				9041A57D1C0FE08F0058400A /* DzhyunStockpool.m in Sources */,
				2A9449A11BE9ACA900815140 /* Dzhmsg.m in Sources */,
				2A9449A41BE9ACA900815140 /* Dzhpbtable.m in Sources */,
				904A48EA1C16A1EA0008F56F /* Dzhapp.m in Sources */,
				2A9449B11BE9ACA900815140 /* DzhyunGupiaoqiepian.m in Sources */,
				9041A57B1C0FE08F0058400A /* DzhyunBlockstatistics.m in Sources */,
				2A9449B71BE9ACA900815140 /* DzhyunTongji.m in Sources */,
				2A9449B21BE9ACA900815140 /* DzhyunJianpanbao.m in Sources */,
				2A9449B51BE9ACA900815140 /* DzhyunStatic.m in Sources */,
				2A9449C01BE9ACA900815140 /* Sysbus.m in Sources */,
				2A9449A81BE9ACA900815140 /* Dzhstorageproxy.m in Sources */,
				9041A5891C0FE0C90058400A /* CldEventNewsShuJu.m in Sources */,
			);
			runOnlyForDeploymentPostprocessing = 0;
		};
/* End PBXSourcesBuildPhase section */

/* Begin XCBuildConfiguration section */
		58B511ED1A9E6C8500147676 /* Debug */ = {
			isa = XCBuildConfiguration;
			buildSettings = {
				ALWAYS_SEARCH_USER_PATHS = NO;
				CLANG_CXX_LANGUAGE_STANDARD = "gnu++0x";
				CLANG_CXX_LIBRARY = "libc++";
				CLANG_ENABLE_MODULES = YES;
				CLANG_ENABLE_OBJC_ARC = YES;
				CLANG_WARN_BOOL_CONVERSION = YES;
				CLANG_WARN_CONSTANT_CONVERSION = YES;
				CLANG_WARN_DIRECT_OBJC_ISA_USAGE = YES_ERROR;
				CLANG_WARN_EMPTY_BODY = YES;
				CLANG_WARN_ENUM_CONVERSION = YES;
				CLANG_WARN_INT_CONVERSION = YES;
				CLANG_WARN_OBJC_ROOT_CLASS = YES_ERROR;
				CLANG_WARN_UNREACHABLE_CODE = YES;
				CLANG_WARN__DUPLICATE_METHOD_MATCH = YES;
				COPY_PHASE_STRIP = NO;
				ENABLE_STRICT_OBJC_MSGSEND = YES;
				ENABLE_TESTABILITY = YES;
				GCC_C_LANGUAGE_STANDARD = gnu99;
				GCC_DYNAMIC_NO_PIC = NO;
				GCC_OPTIMIZATION_LEVEL = 0;
				GCC_PREPROCESSOR_DEFINITIONS = (
					"DEBUG=1",
					"$(inherited)",
				);
				GCC_SYMBOLS_PRIVATE_EXTERN = NO;
				GCC_WARN_64_TO_32_BIT_CONVERSION = YES;
				GCC_WARN_ABOUT_RETURN_TYPE = YES_ERROR;
				GCC_WARN_UNDECLARED_SELECTOR = YES;
				GCC_WARN_UNINITIALIZED_AUTOS = YES_AGGRESSIVE;
				GCC_WARN_UNUSED_FUNCTION = YES;
				GCC_WARN_UNUSED_VARIABLE = YES;
				IPHONEOS_DEPLOYMENT_TARGET = 7.0;
				MTL_ENABLE_DEBUG_INFO = YES;
				ONLY_ACTIVE_ARCH = YES;
				SDKROOT = iphoneos;
			};
			name = Debug;
		};
		58B511EE1A9E6C8500147676 /* Release */ = {
			isa = XCBuildConfiguration;
			buildSettings = {
				ALWAYS_SEARCH_USER_PATHS = NO;
				CLANG_CXX_LANGUAGE_STANDARD = "gnu++0x";
				CLANG_CXX_LIBRARY = "libc++";
				CLANG_ENABLE_MODULES = YES;
				CLANG_ENABLE_OBJC_ARC = YES;
				CLANG_WARN_BOOL_CONVERSION = YES;
				CLANG_WARN_CONSTANT_CONVERSION = YES;
				CLANG_WARN_DIRECT_OBJC_ISA_USAGE = YES_ERROR;
				CLANG_WARN_EMPTY_BODY = YES;
				CLANG_WARN_ENUM_CONVERSION = YES;
				CLANG_WARN_INT_CONVERSION = YES;
				CLANG_WARN_OBJC_ROOT_CLASS = YES_ERROR;
				CLANG_WARN_UNREACHABLE_CODE = YES;
				CLANG_WARN__DUPLICATE_METHOD_MATCH = YES;
				COPY_PHASE_STRIP = YES;
				ENABLE_NS_ASSERTIONS = NO;
				ENABLE_STRICT_OBJC_MSGSEND = YES;
				GCC_C_LANGUAGE_STANDARD = gnu99;
				GCC_WARN_64_TO_32_BIT_CONVERSION = YES;
				GCC_WARN_ABOUT_RETURN_TYPE = YES_ERROR;
				GCC_WARN_UNDECLARED_SELECTOR = YES;
				GCC_WARN_UNINITIALIZED_AUTOS = YES_AGGRESSIVE;
				GCC_WARN_UNUSED_FUNCTION = YES;
				GCC_WARN_UNUSED_VARIABLE = YES;
				IPHONEOS_DEPLOYMENT_TARGET = 7.0;
				MTL_ENABLE_DEBUG_INFO = NO;
				SDKROOT = iphoneos;
				VALIDATE_PRODUCT = YES;
			};
			name = Release;
		};
		58B511F01A9E6C8500147676 /* Debug */ = {
			isa = XCBuildConfiguration;
			buildSettings = {
				CLANG_ENABLE_OBJC_ARC = YES;
				HEADER_SEARCH_PATHS = (
					"$(inherited)",
					/Applications/Xcode.app/Contents/Developer/Toolchains/XcodeDefault.xctoolchain/usr/include,
					"$(SRCROOT)/../../React/**",
					"$(SRCROOT)/../../node_modules/react-native/React/**",
					"$(J2OBJC_HOME)/include",
					"$(SRCROOT)",
				);
				J2OBJC_HOME = "$(USER_LIBRARY_DIR)/J2Objc";
				LIBRARY_SEARCH_PATHS = (
					"$(inherited)",
					"$(J2OBJC_HOME)/lib",
				);
				OTHER_LDFLAGS = (
					"-ObjC",
					"-lz",
					"-lprotobuf",
					"-lc++",
					"-licucore",
					"-lprotobuf_runtime",
					"-ljre_emul",
				);
				PRODUCT_NAME = YunSdk;
				SKIP_INSTALL = YES;
				STRIP_INSTALLED_PRODUCT = YES;
			};
			name = Debug;
		};
		58B511F11A9E6C8500147676 /* Release */ = {
			isa = XCBuildConfiguration;
			buildSettings = {
				CLANG_ENABLE_OBJC_ARC = YES;
				HEADER_SEARCH_PATHS = (
					"$(inherited)",
					/Applications/Xcode.app/Contents/Developer/Toolchains/XcodeDefault.xctoolchain/usr/include,
					"$(SRCROOT)/../../React/**",
					"$(SRCROOT)/../../node_modules/react-native/React/**",
					"$(J2OBJC_HOME)/include",
					"$(SRCROOT)",
				);
				J2OBJC_HOME = "$(USER_LIBRARY_DIR)/J2Objc";
				LIBRARY_SEARCH_PATHS = (
					"$(inherited)",
					"$(J2OBJC_HOME)/lib",
				);
				OTHER_LDFLAGS = (
					"-ObjC",
					"-lz",
					"-lprotobuf",
					"-lc++",
					"-licucore",
					"-lprotobuf_runtime",
					"-ljre_emul",
				);
				PRODUCT_NAME = YunSdk;
				SKIP_INSTALL = YES;
				STRIP_INSTALLED_PRODUCT = YES;
			};
			name = Release;
		};
/* End XCBuildConfiguration section */

/* Begin XCConfigurationList section */
		58B511D61A9E6C8500147676 /* Build configuration list for PBXProject "YunSdk" */ = {
			isa = XCConfigurationList;
			buildConfigurations = (
				58B511ED1A9E6C8500147676 /* Debug */,
				58B511EE1A9E6C8500147676 /* Release */,
			);
			defaultConfigurationIsVisible = 0;
			defaultConfigurationName = Release;
		};
		58B511EF1A9E6C8500147676 /* Build configuration list for PBXNativeTarget "YunSdk" */ = {
			isa = XCConfigurationList;
			buildConfigurations = (
				58B511F01A9E6C8500147676 /* Debug */,
				58B511F11A9E6C8500147676 /* Release */,
			);
			defaultConfigurationIsVisible = 0;
			defaultConfigurationName = Release;
		};
/* End XCConfigurationList section */
	};
	rootObject = 58B511D31A9E6C8500147676 /* Project object */;
}
